<Solution>
  <Project Path="build/_build.csproj">
    <Build Project="false" />
  </Project>
  <Project Path="QuickProxyNet.Benchmarks/QuickProxyNet.Benchmarks.csproj" />
  <Project Path="QuickProxyNet.Tests/QuickProxyNet.Tests.csproj" />
  <Project Path="QuickProxyNet/QuickProxyNet.csproj" />
  <Project Path="QuickProxyNet.Reality/QuickProxyNet.Reality.csproj" />
  <Project Path="Sample/Sample.csproj" />
</Solution>
